# This is a Gradle generated file for dependency locking.
# Manual edits can break the build and are not advised.
# This file is expected to be part of source control.
com.google.errorprone:error_prone_annotations:2.36.0=compileClasspath
com.google.guava:failureaccess:1.0.3=compileClasspath
com.google.guava:guava:33.4.8-jre=compileClasspath
com.google.guava:listenablefuture:9999.0-empty-to-avoid-conflict-with-guava=compileClasspath
com.google.j2objc:j2objc-annotations:3.0.0=compileClasspath
org.jspecify:jspecify:1.0.0=compileClasspath
org.slf4j:slf4j-api:2.0.17=compileClasspath
empty=
