# This is a Gradle generated file for dependency locking.
# Manual edits can break the build and are not advised.
# This file is expected to be part of source control.
antlr:antlr:2.7.7=compileClasspath
ch.qos.logback:logback-classic:1.2.12=compileClasspath
ch.qos.logback:logback-core:1.2.12=compileClasspath
com.fasterxml:classmate:1.5.1=compileClasspath
com.google.code.findbugs:jsr305:3.0.2=compileClasspath
com.google.errorprone:error_prone_annotations:2.3.2=compileClasspath
com.google.guava:failureaccess:1.0.1=compileClasspath
com.google.guava:guava:28.1-jre=compileClasspath
com.google.guava:listenablefuture:9999.0-empty-to-avoid-conflict-with-guava=compileClasspath
com.google.j2objc:j2objc-annotations:1.3=compileClasspath
com.sun.istack:istack-commons-runtime:3.0.12=compileClasspath
com.zaxxer:HikariCP:4.0.3=compileClasspath
jakarta.annotation:jakarta.annotation-api:1.3.5=compileClasspath
jakarta.persistence:jakarta.persistence-api:2.2.3=compileClasspath
jakarta.transaction:jakarta.transaction-api:1.3.3=compileClasspath
jakarta.xml.bind:jakarta.xml.bind-api:2.3.3=compileClasspath
javax.validation:validation-api:2.0.1.Final=compileClasspath
net.bytebuddy:byte-buddy:1.12.23=compileClasspath
org.apache.logging.log4j:log4j-api:2.17.2=compileClasspath
org.apache.logging.log4j:log4j-to-slf4j:2.17.2=compileClasspath
org.aspectj:aspectjweaver:1.9.7=compileClasspath
org.checkerframework:checker-qual:2.8.1=compileClasspath
org.codehaus.mojo:animal-sniffer-annotations:1.18=compileClasspath
org.glassfish.jaxb:jaxb-runtime:2.3.9=compileClasspath
org.glassfish.jaxb:txw2:2.3.9=compileClasspath
org.hibernate.common:hibernate-commons-annotations:5.1.2.Final=compileClasspath
org.hibernate:hibernate-core:5.6.15.Final=compileClasspath
org.jboss.logging:jboss-logging:3.4.3.Final=compileClasspath
org.jboss:jandex:2.4.2.Final=compileClasspath
org.slf4j:jul-to-slf4j:1.7.36=compileClasspath
org.slf4j:slf4j-api:1.7.36=compileClasspath
org.springframework.boot:spring-boot-autoconfigure:2.7.18=compileClasspath
org.springframework.boot:spring-boot-starter-aop:2.7.18=compileClasspath
org.springframework.boot:spring-boot-starter-data-jpa:2.7.18=compileClasspath
org.springframework.boot:spring-boot-starter-jdbc:2.7.18=compileClasspath
org.springframework.boot:spring-boot-starter-logging:2.7.18=compileClasspath
org.springframework.boot:spring-boot-starter:2.7.18=compileClasspath
org.springframework.boot:spring-boot:2.7.18=compileClasspath
org.springframework.data:spring-data-commons:2.7.18=compileClasspath
org.springframework.data:spring-data-jpa:2.7.18=compileClasspath
org.springframework.retry:spring-retry:1.3.4=compileClasspath
org.springframework:spring-aop:5.3.31=compileClasspath
org.springframework:spring-aspects:5.3.31=compileClasspath
org.springframework:spring-beans:5.3.31=compileClasspath
org.springframework:spring-context:5.3.31=compileClasspath
org.springframework:spring-core:5.3.31=compileClasspath
org.springframework:spring-expression:5.3.31=compileClasspath
org.springframework:spring-jcl:5.3.31=compileClasspath
org.springframework:spring-jdbc:5.3.31=compileClasspath
org.springframework:spring-orm:5.3.31=compileClasspath
org.springframework:spring-tx:5.3.31=compileClasspath
org.yaml:snakeyaml:1.30=compileClasspath
empty=
